// !$*UTF8*$!
{
	archiveVersion = 1;
	classes = {
	};
	objectVersion = 46;
	objects = {

/* Begin PBXBuildFile section */
		DA3B9DE21C3FAFC100D76256 /* AppDelegate.swift in Sources */ = {isa = PBXBuildFile; fileRef = DA3B9DD21C3FAFC100D76256 /* AppDelegate.swift */; };
		DA3B9DE31C3FAFC100D76256 /* BatteryServiceModel.swift in Sources */ = {isa = PBXBuildFile; fileRef = DA3B9DD41C3FAFC100D76256 /* BatteryServiceModel.swift */; };
		DA3B9DE41C3FAFC100D76256 /* HeartRateServiceModel.swift in Sources */ = {isa = PBXBuildFile; fileRef = DA3B9DD51C3FAFC100D76256 /* HeartRateServiceModel.swift */; };
		DA3B9DE51C3FAFC100D76256 /* ConnectedViewController.swift in Sources */ = {isa = PBXBuildFile; fileRef = DA3B9DD71C3FAFC100D76256 /* ConnectedViewController.swift */; };
		DA3B9DE61C3FAFC100D76256 /* ConnectedViewController.xib in Resources */ = {isa = PBXBuildFile; fileRef = DA3B9DD81C3FAFC100D76256 /* ConnectedViewController.xib */; };
		DA3B9DE71C3FAFC100D76256 /* DevicesViewController.swift in Sources */ = {isa = PBXBuildFile; fileRef = DA3B9DD91C3FAFC100D76256 /* DevicesViewController.swift */; };
		DA3B9DE81C3FAFC100D76256 /* DevicesViewController.xib in Resources */ = {isa = PBXBuildFile; fileRef = DA3B9DDA1C3FAFC100D76256 /* DevicesViewController.xib */; };
		DA3B9DE91C3FAFC100D76256 /* Assets.xcassets in Resources */ = {isa = PBXBuildFile; fileRef = DA3B9DDC1C3FAFC100D76256 /* Assets.xcassets */; };
		DAABFEB21C5BB19200239CAA /* Bluetonium.framework in CopyFiles */ = {isa = PBXBuildFile; fileRef = DAABFEB11C5BB18C00239CAA /* Bluetonium.framework */; settings = {ATTRIBUTES = (CodeSignOnCopy, RemoveHeadersOnCopy, ); }; };
/* End PBXBuildFile section */

/* Begin PBXContainerItemProxy section */
		DAABFEB01C5BB18C00239CAA /* PBXContainerItemProxy */ = {
			isa = PBXContainerItemProxy;
			containerPortal = DAABFEAC1C5BB18C00239CAA /* Bluetonium.xcodeproj */;
			proxyType = 2;
			remoteGlobalIDString = DA907BAF1C5766FC00D9487F;
			remoteInfo = "Bluetonium-iOS";
		};
		DAABFEB31C5BB19700239CAA /* PBXContainerItemProxy */ = {
			isa = PBXContainerItemProxy;
			containerPortal = DAABFEAC1C5BB18C00239CAA /* Bluetonium.xcodeproj */;
			proxyType = 1;
			remoteGlobalIDString = DA907BAE1C5766FC00D9487F;
			remoteInfo = "Bluetonium-iOS";
		};
/* End PBXContainerItemProxy section */

/* Begin PBXCopyFilesBuildPhase section */
		DAABFEAA1C5BB12C00239CAA /* CopyFiles */ = {
			isa = PBXCopyFilesBuildPhase;
			buildActionMask = 2147483647;
			dstPath = "";
			dstSubfolderSpec = 10;
			files = (
				DAABFEB21C5BB19200239CAA /* Bluetonium.framework in CopyFiles */,
			);
			runOnlyForDeploymentPostprocessing = 0;
		};
/* End PBXCopyFilesBuildPhase section */

/* Begin PBXFileReference section */
		DA3B9DBB1C3FAF4300D76256 /* BluetoniumExample.app */ = {isa = PBXFileReference; explicitFileType = wrapper.application; includeInIndex = 0; path = BluetoniumExample.app; sourceTree = BUILT_PRODUCTS_DIR; };
		DA3B9DD21C3FAFC100D76256 /* AppDelegate.swift */ = {isa = PBXFileReference; fileEncoding = 4; lastKnownFileType = sourcecode.swift; path = AppDelegate.swift; sourceTree = "<group>"; };
		DA3B9DD41C3FAFC100D76256 /* BatteryServiceModel.swift */ = {isa = PBXFileReference; fileEncoding = 4; lastKnownFileType = sourcecode.swift; path = BatteryServiceModel.swift; sourceTree = "<group>"; };
		DA3B9DD51C3FAFC100D76256 /* HeartRateServiceModel.swift */ = {isa = PBXFileReference; fileEncoding = 4; lastKnownFileType = sourcecode.swift; path = HeartRateServiceModel.swift; sourceTree = "<group>"; };
		DA3B9DD71C3FAFC100D76256 /* ConnectedViewController.swift */ = {isa = PBXFileReference; fileEncoding = 4; lastKnownFileType = sourcecode.swift; path = ConnectedViewController.swift; sourceTree = "<group>"; };
		DA3B9DD81C3FAFC100D76256 /* ConnectedViewController.xib */ = {isa = PBXFileReference; fileEncoding = 4; lastKnownFileType = file.xib; path = ConnectedViewController.xib; sourceTree = "<group>"; };
		DA3B9DD91C3FAFC100D76256 /* DevicesViewController.swift */ = {isa = PBXFileReference; fileEncoding = 4; lastKnownFileType = sourcecode.swift; path = DevicesViewController.swift; sourceTree = "<group>"; };
		DA3B9DDA1C3FAFC100D76256 /* DevicesViewController.xib */ = {isa = PBXFileReference; fileEncoding = 4; lastKnownFileType = file.xib; path = DevicesViewController.xib; sourceTree = "<group>"; };
		DA3B9DDC1C3FAFC100D76256 /* Assets.xcassets */ = {isa = PBXFileReference; lastKnownFileType = folder.assetcatalog; path = Assets.xcassets; sourceTree = "<group>"; };
		DA3B9DE11C3FAFC100D76256 /* Info.plist */ = {isa = PBXFileReference; fileEncoding = 4; lastKnownFileType = text.plist.xml; path = Info.plist; sourceTree = "<group>"; };
		DAABFEAC1C5BB18C00239CAA /* Bluetonium.xcodeproj */ = {isa = PBXFileReference; lastKnownFileType = "wrapper.pb-project"; name = Bluetonium.xcodeproj; path = ../Bluetonium.xcodeproj; sourceTree = "<group>"; };
/* End PBXFileReference section */

/* Begin PBXFrameworksBuildPhase section */
		DA3B9DB81C3FAF4300D76256 /* Frameworks */ = {
			isa = PBXFrameworksBuildPhase;
			buildActionMask = 2147483647;
			files = (
			);
			runOnlyForDeploymentPostprocessing = 0;
		};
/* End PBXFrameworksBuildPhase section */

/* Begin PBXGroup section */
		DA3B9DB21C3FAF4300D76256 = {
			isa = PBXGroup;
			children = (
				DA3B9DBD1C3FAF4300D76256 /* BluetoniumExample */,
				DA3B9DBC1C3FAF4300D76256 /* Products */,
				DAABFEAC1C5BB18C00239CAA /* Bluetonium.xcodeproj */,
			);
			sourceTree = "<group>";
		};
		DA3B9DBC1C3FAF4300D76256 /* Products */ = {
			isa = PBXGroup;
			children = (
				DA3B9DBB1C3FAF4300D76256 /* BluetoniumExample.app */,
			);
			name = Products;
			sourceTree = "<group>";
		};
		DA3B9DBD1C3FAF4300D76256 /* BluetoniumExample */ = {
			isa = PBXGroup;
			children = (
				DA3B9DD01C3FAFC100D76256 /* Classes */,
				DA3B9DDB1C3FAFC100D76256 /* Resources */,
			);
			path = BluetoniumExample;
			sourceTree = "<group>";
		};
		DA3B9DD01C3FAFC100D76256 /* Classes */ = {
			isa = PBXGroup;
			children = (
				DA3B9DD11C3FAFC100D76256 /* Main */,
				DA3B9DD31C3FAFC100D76256 /* ModelServices */,
				DA3B9DD61C3FAFC100D76256 /* Views */,
			);
			path = Classes;
			sourceTree = "<group>";
		};
		DA3B9DD11C3FAFC100D76256 /* Main */ = {
			isa = PBXGroup;
			children = (
				DA3B9DD21C3FAFC100D76256 /* AppDelegate.swift */,
			);
			path = Main;
			sourceTree = "<group>";
		};
		DA3B9DD31C3FAFC100D76256 /* ModelServices */ = {
			isa = PBXGroup;
			children = (
				DA3B9DD41C3FAFC100D76256 /* BatteryServiceModel.swift */,
				DA3B9DD51C3FAFC100D76256 /* HeartRateServiceModel.swift */,
			);
			path = ModelServices;
			sourceTree = "<group>";
		};
		DA3B9DD61C3FAFC100D76256 /* Views */ = {
			isa = PBXGroup;
			children = (
				DA3B9DD91C3FAFC100D76256 /* DevicesViewController.swift */,
				DA3B9DDA1C3FAFC100D76256 /* DevicesViewController.xib */,
				DA3B9DD71C3FAFC100D76256 /* ConnectedViewController.swift */,
				DA3B9DD81C3FAFC100D76256 /* ConnectedViewController.xib */,
			);
			path = Views;
			sourceTree = "<group>";
		};
		DA3B9DDB1C3FAFC100D76256 /* Resources */ = {
			isa = PBXGroup;
			children = (
				DA3B9DDC1C3FAFC100D76256 /* Assets.xcassets */,
				DA3B9DE11C3FAFC100D76256 /* Info.plist */,
			);
			path = Resources;
			sourceTree = "<group>";
		};
		DAABFEAD1C5BB18C00239CAA /* Products */ = {
			isa = PBXGroup;
			children = (
				DAABFEB11C5BB18C00239CAA /* Bluetonium.framework */,
			);
			name = Products;
			sourceTree = "<group>";
		};
/* End PBXGroup section */

/* Begin PBXNativeTarget section */
		DA3B9DBA1C3FAF4300D76256 /* BluetoniumExample */ = {
			isa = PBXNativeTarget;
			buildConfigurationList = DA3B9DCD1C3FAF4300D76256 /* Build configuration list for PBXNativeTarget "BluetoniumExample" */;
			buildPhases = (
				DA3B9DB71C3FAF4300D76256 /* Sources */,
				DA3B9DB81C3FAF4300D76256 /* Frameworks */,
				DA3B9DB91C3FAF4300D76256 /* Resources */,
				DAABFEAA1C5BB12C00239CAA /* CopyFiles */,
			);
			buildRules = (
			);
			dependencies = (
				DAABFEB41C5BB19700239CAA /* PBXTargetDependency */,
			);
			name = BluetoniumExample;
			productName = BluetoniumExample;
			productReference = DA3B9DBB1C3FAF4300D76256 /* BluetoniumExample.app */;
			productType = "com.apple.product-type.application";
		};
/* End PBXNativeTarget section */

/* Begin PBXProject section */
		DA3B9DB31C3FAF4300D76256 /* Project object */ = {
			isa = PBXProject;
			attributes = {
				LastSwiftUpdateCheck = 0720;
				LastUpgradeCheck = 0820;
				ORGANIZATIONNAME = "E-sites";
				TargetAttributes = {
					DA3B9DBA1C3FAF4300D76256 = {
						CreatedOnToolsVersion = 7.2;
					};
				};
			};
			buildConfigurationList = DA3B9DB61C3FAF4300D76256 /* Build configuration list for PBXProject "BluetoniumExample" */;
			compatibilityVersion = "Xcode 3.2";
			developmentRegion = English;
			hasScannedForEncodings = 0;
			knownRegions = (
				en,
				Base,
			);
			mainGroup = DA3B9DB21C3FAF4300D76256;
			productRefGroup = DA3B9DBC1C3FAF4300D76256 /* Products */;
			projectDirPath = "";
			projectReferences = (
				{
					ProductGroup = DAABFEAD1C5BB18C00239CAA /* Products */;
					ProjectRef = DAABFEAC1C5BB18C00239CAA /* Bluetonium.xcodeproj */;
				},
			);
			projectRoot = "";
			targets = (
				DA3B9DBA1C3FAF4300D76256 /* BluetoniumExample */,
			);
		};
/* End PBXProject section */

/* Begin PBXReferenceProxy section */
		DAABFEB11C5BB18C00239CAA /* Bluetonium.framework */ = {
			isa = PBXReferenceProxy;
			fileType = wrapper.framework;
			path = Bluetonium.framework;
			remoteRef = DAABFEB01C5BB18C00239CAA /* PBXContainerItemProxy */;
			sourceTree = BUILT_PRODUCTS_DIR;
		};
/* End PBXReferenceProxy section */

/* Begin PBXResourcesBuildPhase section */
		DA3B9DB91C3FAF4300D76256 /* Resources */ = {
			isa = PBXResourcesBuildPhase;
			buildActionMask = 2147483647;
			files = (
				DA3B9DE81C3FAFC100D76256 /* DevicesViewController.xib in Resources */,
				DA3B9DE91C3FAFC100D76256 /* Assets.xcassets in Resources */,
				DA3B9DE61C3FAFC100D76256 /* ConnectedViewController.xib in Resources */,
			);
			runOnlyForDeploymentPostprocessing = 0;
		};
/* End PBXResourcesBuildPhase section */

/* Begin PBXSourcesBuildPhase section */
		DA3B9DB71C3FAF4300D76256 /* Sources */ = {
			isa = PBXSourcesBuildPhase;
			buildActionMask = 2147483647;
			files = (
				DA3B9DE41C3FAFC100D76256 /* HeartRateServiceModel.swift in Sources */,
				DA3B9DE71C3FAFC100D76256 /* DevicesViewController.swift in Sources */,
				DA3B9DE21C3FAFC100D76256 /* AppDelegate.swift in Sources */,
				DA3B9DE51C3FAFC100D76256 /* ConnectedViewController.swift in Sources */,
				DA3B9DE31C3FAFC100D76256 /* BatteryServiceModel.swift in Sources */,
			);
			runOnlyForDeploymentPostprocessing = 0;
		};
/* End PBXSourcesBuildPhase section */

/* Begin PBXTargetDependency section */
		DAABFEB41C5BB19700239CAA /* PBXTargetDependency */ = {
			isa = PBXTargetDependency;
			name = "Bluetonium-iOS";
			targetProxy = DAABFEB31C5BB19700239CAA /* PBXContainerItemProxy */;
		};
/* End PBXTargetDependency section */

/* Begin XCBuildConfiguration section */
		DA3B9DCB1C3FAF4300D76256 /* Debug */ = {
			isa = XCBuildConfiguration;
			buildSettings = {
				ALWAYS_SEARCH_USER_PATHS = NO;
				CLANG_CXX_LANGUAGE_STANDARD = "gnu++0x";
				CLANG_CXX_LIBRARY = "libc++";
				CLANG_ENABLE_MODULES = YES;
				CLANG_ENABLE_OBJC_ARC = YES;
				CLANG_WARN_BOOL_CONVERSION = YES;
				CLANG_WARN_CONSTANT_CONVERSION = YES;
				CLANG_WARN_DIRECT_OBJC_ISA_USAGE = YES_ERROR;
				CLANG_WARN_EMPTY_BODY = YES;
				CLANG_WARN_ENUM_CONVERSION = YES;
				CLANG_WARN_INFINITE_RECURSION = YES;
				CLANG_WARN_INT_CONVERSION = YES;
				CLANG_WARN_OBJC_ROOT_CLASS = YES_ERROR;
				CLANG_WARN_SUSPICIOUS_MOVE = YES;
				CLANG_WARN_UNREACHABLE_CODE = YES;
				CLANG_WARN__DUPLICATE_METHOD_MATCH = YES;
				"CODE_SIGN_IDENTITY[sdk=iphoneos*]" = "iPhone Developer";
				COPY_PHASE_STRIP = NO;
				DEBUG_INFORMATION_FORMAT = dwarf;
				ENABLE_STRICT_OBJC_MSGSEND = YES;
				ENABLE_TESTABILITY = YES;
				GCC_C_LANGUAGE_STANDARD = gnu99;
				GCC_DYNAMIC_NO_PIC = NO;
				GCC_NO_COMMON_BLOCKS = YES;
				GCC_OPTIMIZATION_LEVEL = 0;
				GCC_PREPROCESSOR_DEFINITIONS = (
					"DEBUG=1",
					"$(inherited)",
				);
				GCC_WARN_64_TO_32_BIT_CONVERSION = YES;
				GCC_WARN_ABOUT_RETURN_TYPE = YES_ERROR;
				GCC_WARN_UNDECLARED_SELECTOR = YES;
				GCC_WARN_UNINITIALIZED_AUTOS = YES_AGGRESSIVE;
				GCC_WARN_UNUSED_FUNCTION = YES;
				GCC_WARN_UNUSED_VARIABLE = YES;
				IPHONEOS_DEPLOYMENT_TARGET = 9.2;
				MTL_ENABLE_DEBUG_INFO = YES;
				ONLY_ACTIVE_ARCH = YES;
				SDKROOT = iphoneos;
				SWIFT_OPTIMIZATION_LEVEL = "-Onone";
				SWIFT_VERSION = 3.0;
			};
			name = Debug;
		};
		DA3B9DCC1C3FAF4300D76256 /* Release */ = {
			isa = XCBuildConfiguration;
			buildSettings = {
				ALWAYS_SEARCH_USER_PATHS = NO;
				CLANG_CXX_LANGUAGE_STANDARD = "gnu++0x";
				CLANG_CXX_LIBRARY = "libc++";
				CLANG_ENABLE_MODULES = YES;
				CLANG_ENABLE_OBJC_ARC = YES;
				CLANG_WARN_BOOL_CONVERSION = YES;
				CLANG_WARN_CONSTANT_CONVERSION = YES;
				CLANG_WARN_DIRECT_OBJC_ISA_USAGE = YES_ERROR;
				CLANG_WARN_EMPTY_BODY = YES;
				CLANG_WARN_ENUM_CONVERSION = YES;
				CLANG_WARN_INFINITE_RECURSION = YES;
				CLANG_WARN_INT_CONVERSION = YES;
				CLANG_WARN_OBJC_ROOT_CLASS = YES_ERROR;
				CLANG_WARN_SUSPICIOUS_MOVE = YES;
				CLANG_WARN_UNREACHABLE_CODE = YES;
				CLANG_WARN__DUPLICATE_METHOD_MATCH = YES;
				"CODE_SIGN_IDENTITY[sdk=iphoneos*]" = "iPhone Developer";
				COPY_PHASE_STRIP = NO;
				ENABLE_NS_ASSERTIONS = NO;
				ENABLE_STRICT_OBJC_MSGSEND = YES;
				GCC_C_LANGUAGE_STANDARD = gnu99;
				GCC_NO_COMMON_BLOCKS = YES;
				GCC_WARN_64_TO_32_BIT_CONVERSION = YES;
				GCC_WARN_ABOUT_RETURN_TYPE = YES_ERROR;
				GCC_WARN_UNDECLARED_SELECTOR = YES;
				GCC_WARN_UNINITIALIZED_AUTOS = YES_AGGRESSIVE;
				GCC_WARN_UNUSED_FUNCTION = YES;
				GCC_WARN_UNUSED_VARIABLE = YES;
				IPHONEOS_DEPLOYMENT_TARGET = 9.2;
				MTL_ENABLE_DEBUG_INFO = NO;
				SDKROOT = iphoneos;
				SWIFT_OPTIMIZATION_LEVEL = "-Owholemodule";
				SWIFT_VERSION = 3.0;
				VALIDATE_PRODUCT = YES;
			};
			name = Release;
		};
		DA3B9DCE1C3FAF4300D76256 /* Debug */ = {
			isa = XCBuildConfiguration;
			buildSettings = {
				ASSETCATALOG_COMPILER_APPICON_NAME = AppIcon;
				INFOPLIST_FILE = "$(SRCROOT)/BluetoniumExample/Resources/Info.plist";
				IPHONEOS_DEPLOYMENT_TARGET = 8.0;
				LD_RUNPATH_SEARCH_PATHS = "$(inherited) @executable_path/Frameworks";
				PRODUCT_BUNDLE_IDENTIFIER = com.esites.BluetoniumExample;
				PRODUCT_NAME = "$(TARGET_NAME)";
			};
			name = Debug;
		};
		DA3B9DCF1C3FAF4300D76256 /* Release */ = {
			isa = XCBuildConfiguration;
			buildSettings = {
				ASSETCATALOG_COMPILER_APPICON_NAME = AppIcon;
				INFOPLIST_FILE = "$(SRCROOT)/BluetoniumExample/Resources/Info.plist";
				IPHONEOS_DEPLOYMENT_TARGET = 8.0;
				LD_RUNPATH_SEARCH_PATHS = "$(inherited) @executable_path/Frameworks";
				PRODUCT_BUNDLE_IDENTIFIER = com.esites.BluetoniumExample;
				PRODUCT_NAME = "$(TARGET_NAME)";
			};
			name = Release;
		};
/* End XCBuildConfiguration section */

/* Begin XCConfigurationList section */
		DA3B9DB61C3FAF4300D76256 /* Build configuration list for PBXProject "BluetoniumExample" */ = {
			isa = XCConfigurationList;
			buildConfigurations = (
				DA3B9DCB1C3FAF4300D76256 /* Debug */,
				DA3B9DCC1C3FAF4300D76256 /* Release */,
			);
			defaultConfigurationIsVisible = 0;
			defaultConfigurationName = Release;
		};
		DA3B9DCD1C3FAF4300D76256 /* Build configuration list for PBXNativeTarget "BluetoniumExample" */ = {
			isa = XCConfigurationList;
			buildConfigurations = (
				DA3B9DCE1C3FAF4300D76256 /* Debug */,
				DA3B9DCF1C3FAF4300D76256 /* Release */,
			);
			defaultConfigurationIsVisible = 0;
			defaultConfigurationName = Release;
		};
/* End XCConfigurationList section */
	};
	rootObject = DA3B9DB31C3FAF4300D76256 /* Project object */;
}
